
Microsoft Visual Studio Solution File, Format Version 12.00
# Visual Studio Version 17
VisualStudioVersion = 17.14.36414.22 d17.14
MinimumVisualStudioVersion = 10.0.40219.1
Project("{FAE04EC0-301F-11D3-BF4B-00C04F79EFBC}") = "DVLD", "DVLD\DVLD.csproj", "{E914AFA3-3247-448D-8314-7A6A9B32429C}"
EndProject
Global
	GlobalSection(SolutionConfigurationPlatforms) = preSolution
		Debug|Any CPU = Debug|Any CPU
		Release|Any CPU = Release|Any CPU
	EndGlobalSection
	GlobalSection(ProjectConfigurationPlatforms) = postSolution
		{E914AFA3-3247-448D-8314-7A6A9B32429C}.Debug|Any CPU.ActiveCfg = Debug|Any CPU
		{E914AFA3-3247-448D-8314-7A6A9B32429C}.Debug|Any CPU.Build.0 = Debug|Any CPU
		{E914AFA3-3247-448D-8314-7A6A9B32429C}.Release|Any CPU.ActiveCfg = Release|Any CPU
		{E914AFA3-3247-448D-8314-7A6A9B32429C}.Release|Any CPU.Build.0 = Release|Any CPU
	EndGlobalSection
	GlobalSection(SolutionProperties) = preSolution
		HideSolutionNode = FALSE
	EndGlobalSection
	GlobalSection(ExtensibilityGlobals) = postSolution
		SolutionGuid = {18626C90-CD32-4CE7-A550-3CA2C1FC81C2}
	EndGlobalSection
EndGlobal
